
Microsoft Visual Studio Solution File, Format Version 12.00
# Visual Studio Version 17
VisualStudioVersion = 17.6.33829.357
MinimumVisualStudioVersion = 10.0.40219.1
Project("{9A19103F-16F7-4668-BE54-9A1E7A4F7556}") = "Domain", "Domain\Domain.csproj", "{F6A96424-6E19-4855-BFC5-E4B1A2D6F331}"
EndProject
Project("{9A19103F-16F7-4668-BE54-9A1E7A4F7556}") = "Infrastructure", "Application\Infrastructure.csproj", "{9FFDBF46-3504-4D81-ABEF-E19E6F1A7D59}"
EndProject
Project("{9A19103F-16F7-4668-BE54-9A1E7A4F7556}") = "Services", "Services\Services.csproj", "{D8280B5F-C505-462E-B69E-577DAD9540C8}"
EndProject
Project("{9A19103F-16F7-4668-BE54-9A1E7A4F7556}") = "Presentation", "Presentation\Presentation.csproj", "{99D0C5FC-73CF-4D53-9735-B0CA3DCF09BB}"
EndProject
Project("{9A19103F-16F7-4668-BE54-9A1E7A4F7556}") = "Api", "Api\Api.csproj", "{33A4662A-E512-462A-BD2F-0A898B88C426}"
EndProject
Global
	GlobalSection(SolutionConfigurationPlatforms) = preSolution
		Debug|Any CPU = Debug|Any CPU
		Release|Any CPU = Release|Any CPU
	EndGlobalSection
	GlobalSection(ProjectConfigurationPlatforms) = postSolution
		{F6A96424-6E19-4855-BFC5-E4B1A2D6F331}.Debug|Any CPU.ActiveCfg = Debug|Any CPU
		{F6A96424-6E19-4855-BFC5-E4B1A2D6F331}.Debug|Any CPU.Build.0 = Debug|Any CPU
		{F6A96424-6E19-4855-BFC5-E4B1A2D6F331}.Release|Any CPU.ActiveCfg = Release|Any CPU
		{F6A96424-6E19-4855-BFC5-E4B1A2D6F331}.Release|Any CPU.Build.0 = Release|Any CPU
		{9FFDBF46-3504-4D81-ABEF-E19E6F1A7D59}.Debug|Any CPU.ActiveCfg = Debug|Any CPU
		{9FFDBF46-3504-4D81-ABEF-E19E6F1A7D59}.Debug|Any CPU.Build.0 = Debug|Any CPU
		{9FFDBF46-3504-4D81-ABEF-E19E6F1A7D59}.Release|Any CPU.ActiveCfg = Release|Any CPU
		{9FFDBF46-3504-4D81-ABEF-E19E6F1A7D59}.Release|Any CPU.Build.0 = Release|Any CPU
		{D8280B5F-C505-462E-B69E-577DAD9540C8}.Debug|Any CPU.ActiveCfg = Debug|Any CPU
		{D8280B5F-C505-462E-B69E-577DAD9540C8}.Debug|Any CPU.Build.0 = Debug|Any CPU
		{D8280B5F-C505-462E-B69E-577DAD9540C8}.Release|Any CPU.ActiveCfg = Release|Any CPU
		{D8280B5F-C505-462E-B69E-577DAD9540C8}.Release|Any CPU.Build.0 = Release|Any CPU
		{99D0C5FC-73CF-4D53-9735-B0CA3DCF09BB}.Debug|Any CPU.ActiveCfg = Debug|Any CPU
		{99D0C5FC-73CF-4D53-9735-B0CA3DCF09BB}.Debug|Any CPU.Build.0 = Debug|Any CPU
		{99D0C5FC-73CF-4D53-9735-B0CA3DCF09BB}.Release|Any CPU.ActiveCfg = Release|Any CPU
		{99D0C5FC-73CF-4D53-9735-B0CA3DCF09BB}.Release|Any CPU.Build.0 = Release|Any CPU
		{33A4662A-E512-462A-BD2F-0A898B88C426}.Debug|Any CPU.ActiveCfg = Debug|Any CPU
		{33A4662A-E512-462A-BD2F-0A898B88C426}.Debug|Any CPU.Build.0 = Debug|Any CPU
		{33A4662A-E512-462A-BD2F-0A898B88C426}.Release|Any CPU.ActiveCfg = Release|Any CPU
		{33A4662A-E512-462A-BD2F-0A898B88C426}.Release|Any CPU.Build.0 = Release|Any CPU
	EndGlobalSection
	GlobalSection(SolutionProperties) = preSolution
		HideSolutionNode = FALSE
	EndGlobalSection
	GlobalSection(ExtensibilityGlobals) = postSolution
		SolutionGuid = {D7F30093-C606-44DC-B7FD-0686957A9A9C}
	EndGlobalSection
EndGlobal
